
Microsoft Visual Studio Solution File, Format Version 12.00
# Visual Studio 15
VisualStudioVersion = 15.0.26730.16
MinimumVisualStudioVersion = 10.0.40219.1
Project("{FAE04EC0-301F-11D3-BF4B-00C04F79EFBC}") = "controlstructures", "controlstructures\controlstructures.csproj", "{DEFC1449-0E9D-4C33-8593-4DC131822575}"
EndProject
Global
	GlobalSection(SolutionConfigurationPlatforms) = preSolution
		Debug|Any CPU = Debug|Any CPU
		Release|Any CPU = Release|Any CPU
	EndGlobalSection
	GlobalSection(ProjectConfigurationPlatforms) = postSolution
		{DEFC1449-0E9D-4C33-8593-4DC131822575}.Debug|Any CPU.ActiveCfg = Debug|Any CPU
		{DEFC1449-0E9D-4C33-8593-4DC131822575}.Debug|Any CPU.Build.0 = Debug|Any CPU
		{DEFC1449-0E9D-4C33-8593-4DC131822575}.Release|Any CPU.ActiveCfg = Release|Any CPU
		{DEFC1449-0E9D-4C33-8593-4DC131822575}.Release|Any CPU.Build.0 = Release|Any CPU
	EndGlobalSection
	GlobalSection(SolutionProperties) = preSolution
		HideSolutionNode = FALSE
	EndGlobalSection
	GlobalSection(ExtensibilityGlobals) = postSolution
		SolutionGuid = {93448880-1CF7-41D5-B9E4-479E2E191F7A}
	EndGlobalSection
EndGlobal
